{
  "originHash" : "c3bd8af3268adf3e9b18622a790f507fe8d4e9e5e4c3bfbf81bcc19216aed991",
  "pins" : [
    {
      "identity" : "wedobooks-sdk-ios-spm",
      "kind" : "remoteSourceControl",
      "location" : "https://github.com/wedobooks/wedobooks-sdk-ios-spm",
      "state" : {
        "revision" : "502c4e595047ccc7ced1683696b8168a31d48a7b",
        "version" : "0.1.8"
      }
    }
  ],
  "version" : 3
}
