{
  "originHash" : "c3bd8af3268adf3e9b18622a790f507fe8d4e9e5e4c3bfbf81bcc19216aed991",
  "pins" : [
    {
      "identity" : "wedobooks-sdk-ios-spm",
      "kind" : "remoteSourceControl",
      "location" : "https://github.com/wedobooks/wedobooks-sdk-ios-spm",
      "state" : {
        "revision" : "04a6c86a3d108bbc0903f460c428939029846977",
        "version" : "0.2.1"
      }
    }
  ],
  "version" : 3
}
