{
  "originHash" : "512f1b9832606b59f7b79db5509659db7f7e9d1867bbbc3ba2ff7f7f193e968d",
  "pins" : [
    {
      "identity" : "colibrio-pkg-spm",
      "kind" : "remoteSourceControl",
      "location" : "https://bitbucket.org/colibrio/colibrio-pkg-spm",
      "state" : {
        "revision" : "9c57417b761cc75fb32c5ad2bf88db359b8d07c5",
        "version" : "4.3.1"
      }
    },
    {
      "identity" : "wedobooks-sdk-ios-spm",
      "kind" : "remoteSourceControl",
      "location" : "https://github.com/wedobooks/wedobooks-sdk-ios-spm",
      "state" : {
        "revision" : "18cf1728e4e32d244fdd00e97fad64a1001418ff",
        "version" : "0.1.4"
      }
    }
  ],
  "version" : 3
}
